{
  "name": "csl-engine",
  "lockfileVersion": 3,
  "requires": true,
  "packages": {
    "../../node_modules/.pnpm/@types+node@20.19.37/node_modules/@types/node": {
      "version": "20.19.37",
      "extraneous": true,
      "license": "MIT",
      "dependencies": {
        "undici-types": "~6.21.0"
      }
    },
    "../phi-math-foundation": {
      "extraneous": true
    }
  }
}
