{
  "name": "gateway",
  "lockfileVersion": 3,
  "requires": true,
  "packages": {
    "../../node_modules/.pnpm/helmet@8.1.0/node_modules/helmet": {
      "version": "8.1.0",
      "extraneous": true,
      "license": "MIT",
      "engines": {
        "node": ">=18.0.0"
      }
    },
    "../../packages/mcp-server": {
      "extraneous": true
    },
    "../../packages/shared": {
      "extraneous": true
    },
    "../../packages/vector-memory": {
      "extraneous": true
    }
  }
}
