{
  "name": "kernel",
  "lockfileVersion": 3,
  "requires": true,
  "packages": {
    "../agent-identity": {
      "extraneous": true
    },
    "../csl-router": {
      "extraneous": true
    },
    "../latent-boundary": {
      "extraneous": true
    },
    "../memory-stream": {
      "extraneous": true
    },
    "../observability-kernel": {
      "extraneous": true
    },
    "../phi-math": {
      "extraneous": true
    },
    "../spatial-events": {
      "extraneous": true
    }
  }
}
